// !$*UTF8*$!
{
	archiveVersion = 1;
	classes = {
	};
	objectVersion = 46;
	objects = {

/* Begin PBXBuildFile section */
		298558AB1202074366CB41CD /* libPods-WoYaoFa.a in Frameworks */ = {isa = PBXBuildFile; fileRef = 80D05CAFA9B83E73D7012224 /* libPods-WoYaoFa.a */; };
		32430BF81C1A6C42007AB978 /* WOrdersViewController.m in Sources */ = {isa = PBXBuildFile; fileRef = 32430BF71C1A6C42007AB978 /* WOrdersViewController.m */; };
		32430BFC1C1A6D5D007AB978 /* WOrderView.m in Sources */ = {isa = PBXBuildFile; fileRef = 32430BFB1C1A6D5D007AB978 /* WOrderView.m */; };
		32430BFF1C1A6D79007AB978 /* WOrder.m in Sources */ = {isa = PBXBuildFile; fileRef = 32430BFE1C1A6D79007AB978 /* WOrder.m */; };
		32430C021C1A7019007AB978 /* order_logistics@2x.png in Resources */ = {isa = PBXBuildFile; fileRef = 32430C011C1A7019007AB978 /* order_logistics@2x.png */; };
		3273B7E81C12714300597049 /* WHomeNavigation.m in Sources */ = {isa = PBXBuildFile; fileRef = 3273B7E71C12714300597049 /* WHomeNavigation.m */; };
		3273B7ED1C12718000597049 /* WHomeViewController.m in Sources */ = {isa = PBXBuildFile; fileRef = 3273B7EC1C12718000597049 /* WHomeViewController.m */; };
		3273B7F51C1271D900597049 /* WProfileViewController.m in Sources */ = {isa = PBXBuildFile; fileRef = 3273B7F41C1271D900597049 /* WProfileViewController.m */; };
		3273B7FA1C12721200597049 /* WOrderNavigation.m in Sources */ = {isa = PBXBuildFile; fileRef = 3273B7F91C12721200597049 /* WOrderNavigation.m */; };
		3273B7FD1C12722E00597049 /* WProfileNavigation.m in Sources */ = {isa = PBXBuildFile; fileRef = 3273B7FC1C12722E00597049 /* WProfileNavigation.m */; };
		3273B8091C127F7800597049 /* house_not_choose.png in Resources */ = {isa = PBXBuildFile; fileRef = 3273B8001C127F7800597049 /* house_not_choose.png */; };
		3273B80A1C127F7800597049 /* house_not_choose@2x.png in Resources */ = {isa = PBXBuildFile; fileRef = 3273B8011C127F7800597049 /* house_not_choose@2x.png */; };
		3273B80B1C127F7800597049 /* house_not_choose@3x.png in Resources */ = {isa = PBXBuildFile; fileRef = 3273B8021C127F7800597049 /* house_not_choose@3x.png */; };
		3273B80C1C127F7800597049 /* my_not_choose.png in Resources */ = {isa = PBXBuildFile; fileRef = 3273B8031C127F7800597049 /* my_not_choose.png */; };
		3273B80D1C127F7800597049 /* my_not_choose@2x.png in Resources */ = {isa = PBXBuildFile; fileRef = 3273B8041C127F7800597049 /* my_not_choose@2x.png */; };
		3273B80E1C127F7800597049 /* my_not_choose@3x.png in Resources */ = {isa = PBXBuildFile; fileRef = 3273B8051C127F7800597049 /* my_not_choose@3x.png */; };
		3273B80F1C127F7800597049 /* order_not_choose.png in Resources */ = {isa = PBXBuildFile; fileRef = 3273B8061C127F7800597049 /* order_not_choose.png */; };
		3273B8101C127F7800597049 /* order_not_choose@2x.png in Resources */ = {isa = PBXBuildFile; fileRef = 3273B8071C127F7800597049 /* order_not_choose@2x.png */; };
		3273B8111C127F7800597049 /* order_not_choose@3x.png in Resources */ = {isa = PBXBuildFile; fileRef = 3273B8081C127F7800597049 /* order_not_choose@3x.png */; };
		3273B81B1C12800500597049 /* house_choose.png in Resources */ = {isa = PBXBuildFile; fileRef = 3273B8121C12800500597049 /* house_choose.png */; };
		3273B81C1C12800500597049 /* house_choose@2x.png in Resources */ = {isa = PBXBuildFile; fileRef = 3273B8131C12800500597049 /* house_choose@2x.png */; };
		3273B81D1C12800500597049 /* house_choose@3x.png in Resources */ = {isa = PBXBuildFile; fileRef = 3273B8141C12800500597049 /* house_choose@3x.png */; };
		3273B81E1C12800500597049 /* my_choose.png in Resources */ = {isa = PBXBuildFile; fileRef = 3273B8151C12800500597049 /* my_choose.png */; };
		3273B81F1C12800500597049 /* my_choose@2x.png in Resources */ = {isa = PBXBuildFile; fileRef = 3273B8161C12800500597049 /* my_choose@2x.png */; };
		3273B8201C12800500597049 /* my_choose@3x.png in Resources */ = {isa = PBXBuildFile; fileRef = 3273B8171C12800500597049 /* my_choose@3x.png */; };
		3273B8211C12800500597049 /* order_choose.png in Resources */ = {isa = PBXBuildFile; fileRef = 3273B8181C12800500597049 /* order_choose.png */; };
		3273B8221C12800500597049 /* order_choose@2x.png in Resources */ = {isa = PBXBuildFile; fileRef = 3273B8191C12800500597049 /* order_choose@2x.png */; };
		3273B8231C12800500597049 /* order_choose@3x.png in Resources */ = {isa = PBXBuildFile; fileRef = 3273B81A1C12800500597049 /* order_choose@3x.png */; };
		328707A81C1524800098296E /* WAddressBookViewController.m in Sources */ = {isa = PBXBuildFile; fileRef = 328707A71C1524800098296E /* WAddressBookViewController.m */; };
		328707AE1C1525510098296E /* WAddressBookView.m in Sources */ = {isa = PBXBuildFile; fileRef = 328707AD1C1525510098296E /* WAddressBookView.m */; };
		328707B31C1526E00098296E /* UILabel+LLabel.m in Sources */ = {isa = PBXBuildFile; fileRef = 328707B21C1526E00098296E /* UILabel+LLabel.m */; };
		328707B71C1529F00098296E /* LLabel.m in Sources */ = {isa = PBXBuildFile; fileRef = 328707B61C1529F00098296E /* LLabel.m */; };
		328707C31C1568650098296E /* my_address_book_default@2x.png in Resources */ = {isa = PBXBuildFile; fileRef = 328707C21C1568650098296E /* my_address_book_default@2x.png */; };
		328707C71C15696E0098296E /* WSettingViewController.m in Sources */ = {isa = PBXBuildFile; fileRef = 328707C61C15696E0098296E /* WSettingViewController.m */; };
		328707CB1C156B900098296E /* WSettingView.m in Sources */ = {isa = PBXBuildFile; fileRef = 328707CA1C156B900098296E /* WSettingView.m */; };
		328707D51C1582F30098296E /* my_set_up@2x.png in Resources */ = {isa = PBXBuildFile; fileRef = 328707D41C1582F30098296E /* my_set_up@2x.png */; };
		328707D91C1584F20098296E /* UIViewExt.m in Sources */ = {isa = PBXBuildFile; fileRef = 328707D81C1584F20098296E /* UIViewExt.m */; };
		329315171C192588009AF33D /* bg.png in Resources */ = {isa = PBXBuildFile; fileRef = 329315161C192588009AF33D /* bg.png */; };
		3293151A1C1927B5009AF33D /* WLoginNavigation.m in Sources */ = {isa = PBXBuildFile; fileRef = 329315191C1927B5009AF33D /* WLoginNavigation.m */; };
		3293151D1C1930F6009AF33D /* WLoginViewController.m in Sources */ = {isa = PBXBuildFile; fileRef = 3293151C1C1930F6009AF33D /* WLoginViewController.m */; };
		329315241C193F15009AF33D /* registered_phone@2x.png in Resources */ = {isa = PBXBuildFile; fileRef = 329315231C193F15009AF33D /* registered_phone@2x.png */; };
		329315261C193F58009AF33D /* registered_password@2x.png in Resources */ = {isa = PBXBuildFile; fileRef = 329315251C193F58009AF33D /* registered_password@2x.png */; };
		329315291C19447E009AF33D /* WRegisterViewController.m in Sources */ = {isa = PBXBuildFile; fileRef = 329315281C19447E009AF33D /* WRegisterViewController.m */; };
		329315311C194E69009AF33D /* binding_validation@2x.png in Resources */ = {isa = PBXBuildFile; fileRef = 329315301C194E69009AF33D /* binding_validation@2x.png */; };
		329315331C194E91009AF33D /* binding_phone@2x.png in Resources */ = {isa = PBXBuildFile; fileRef = 329315321C194E91009AF33D /* binding_phone@2x.png */; };
		329315351C194EB8009AF33D /* registered_password_1@2x.png in Resources */ = {isa = PBXBuildFile; fileRef = 329315341C194EB8009AF33D /* registered_password_1@2x.png */; };
		329315391C19547C009AF33D /* LCountDownButton.m in Sources */ = {isa = PBXBuildFile; fileRef = 329315381C19547C009AF33D /* LCountDownButton.m */; };
		329315401C19620C009AF33D /* SMS_SDKLocalizable.strings in Resources */ = {isa = PBXBuildFile; fileRef = 3293153B1C19620C009AF33D /* SMS_SDKLocalizable.strings */; };
		329315411C19620C009AF33D /* MOBFoundation.framework in Frameworks */ = {isa = PBXBuildFile; fileRef = 3293153D1C19620C009AF33D /* MOBFoundation.framework */; };
		329315421C19620C009AF33D /* SMS_SDK.framework in Frameworks */ = {isa = PBXBuildFile; fileRef = 3293153E1C19620C009AF33D /* SMS_SDK.framework */; };
		329315441C1962A0009AF33D /* libicucore.tbd in Frameworks */ = {isa = PBXBuildFile; fileRef = 329315431C1962A0009AF33D /* libicucore.tbd */; };
		329315461C1962A9009AF33D /* libz.tbd in Frameworks */ = {isa = PBXBuildFile; fileRef = 329315451C1962A9009AF33D /* libz.tbd */; };
		329315481C1962B5009AF33D /* JavaScriptCore.framework in Frameworks */ = {isa = PBXBuildFile; fileRef = 329315471C1962B5009AF33D /* JavaScriptCore.framework */; };
		3293154A1C1962BF009AF33D /* libstdc++.tbd in Frameworks */ = {isa = PBXBuildFile; fileRef = 329315491C1962BF009AF33D /* libstdc++.tbd */; };
		3293154E1C196573009AF33D /* LinApiManager+LoginAndRegister.m in Sources */ = {isa = PBXBuildFile; fileRef = 3293154D1C196573009AF33D /* LinApiManager+LoginAndRegister.m */; };
		329315541C197A4B009AF33D /* KeychainItemWrapper.m in Sources */ = {isa = PBXBuildFile; fileRef = 329315531C197A4B009AF33D /* KeychainItemWrapper.m */; settings = {COMPILER_FLAGS = "-fno-objc-arc"; }; };
		329315561C197A76009AF33D /* Security.framework in Frameworks */ = {isa = PBXBuildFile; fileRef = 329315551C197A76009AF33D /* Security.framework */; };
		32B16E0C1C117BD400865247 /* main.m in Sources */ = {isa = PBXBuildFile; fileRef = 32B16E0B1C117BD400865247 /* main.m */; };
		32B16E0F1C117BD400865247 /* AppDelegate.m in Sources */ = {isa = PBXBuildFile; fileRef = 32B16E0E1C117BD400865247 /* AppDelegate.m */; };
		32B16E181C117BD400865247 /* Main.storyboard in Resources */ = {isa = PBXBuildFile; fileRef = 32B16E161C117BD400865247 /* Main.storyboard */; };
		32B16E1A1C117BD400865247 /* Assets.xcassets in Resources */ = {isa = PBXBuildFile; fileRef = 32B16E191C117BD400865247 /* Assets.xcassets */; };
		32B16E1D1C117BD400865247 /* LaunchScreen.storyboard in Resources */ = {isa = PBXBuildFile; fileRef = 32B16E1B1C117BD400865247 /* LaunchScreen.storyboard */; };
		32B16E281C117BD400865247 /* WoYaoFaTests.m in Sources */ = {isa = PBXBuildFile; fileRef = 32B16E271C117BD400865247 /* WoYaoFaTests.m */; };
		32B16E331C117BD400865247 /* WoYaoFaUITests.m in Sources */ = {isa = PBXBuildFile; fileRef = 32B16E321C117BD400865247 /* WoYaoFaUITests.m */; };
		32BB86041C18029D008016A4 /* MBProgressHUD+LHUD.m in Sources */ = {isa = PBXBuildFile; fileRef = 32BB86031C18029D008016A4 /* MBProgressHUD+LHUD.m */; };
		32BB86061C180499008016A4 /* MBProgressHUD.bundle in Resources */ = {isa = PBXBuildFile; fileRef = 32BB86051C180499008016A4 /* MBProgressHUD.bundle */; };
		32BB86091C180E9D008016A4 /* WAccount.m in Sources */ = {isa = PBXBuildFile; fileRef = 32BB86081C180E9D008016A4 /* WAccount.m */; };
		32BB860D1C181093008016A4 /* MJExtnsionConfig.m in Sources */ = {isa = PBXBuildFile; fileRef = 32BB860C1C181093008016A4 /* MJExtnsionConfig.m */; };
		32BB86111C1812AC008016A4 /* LDataResult.m in Sources */ = {isa = PBXBuildFile; fileRef = 32BB86101C1812AC008016A4 /* LDataResult.m */; };
		32BB86151C181367008016A4 /* LPageResult.m in Sources */ = {isa = PBXBuildFile; fileRef = 32BB86141C181367008016A4 /* LPageResult.m */; };
		32BB86181C18164D008016A4 /* WUser.m in Sources */ = {isa = PBXBuildFile; fileRef = 32BB86171C18164D008016A4 /* WUser.m */; };
		32BB861B1C181800008016A4 /* WAddressBook.m in Sources */ = {isa = PBXBuildFile; fileRef = 32BB861A1C181800008016A4 /* WAddressBook.m */; };
		32BB86201C181996008016A4 /* LinApiManager+AddressBook.m in Sources */ = {isa = PBXBuildFile; fileRef = 32BB861F1C181996008016A4 /* LinApiManager+AddressBook.m */; };
		32C6B7AF1C13320F00A70EE1 /* my_opinion@2x.png in Resources */ = {isa = PBXBuildFile; fileRef = 32C6B7AB1C13320F00A70EE1 /* my_opinion@2x.png */; };
		32C6B7B01C13320F00A70EE1 /* my_order_history@2x.png in Resources */ = {isa = PBXBuildFile; fileRef = 32C6B7AC1C13320F00A70EE1 /* my_order_history@2x.png */; };
		32C6B7B11C13320F00A70EE1 /* my_phone@2x.png in Resources */ = {isa = PBXBuildFile; fileRef = 32C6B7AD1C13320F00A70EE1 /* my_phone@2x.png */; };
		32C6B7B81C13337800A70EE1 /* my_address_book@2x.png in Resources */ = {isa = PBXBuildFile; fileRef = 32C6B7B61C13337800A70EE1 /* my_address_book@2x.png */; };
		32C6B7B91C13337800A70EE1 /* my_collection@2x.png in Resources */ = {isa = PBXBuildFile; fileRef = 32C6B7B71C13337800A70EE1 /* my_collection@2x.png */; };
		32C7AE071C13F12400B547D4 /* WProfileHeaderView.m in Sources */ = {isa = PBXBuildFile; fileRef = 32C7AE061C13F12400B547D4 /* WProfileHeaderView.m */; };
		32F332611C117E2F003C7799 /* ViewController.m in Sources */ = {isa = PBXBuildFile; fileRef = 32F332601C117E2F003C7799 /* ViewController.m */; };
		32F332691C11847D003C7799 /* LinNetworkAgent.m in Sources */ = {isa = PBXBuildFile; fileRef = 32F332681C11847D003C7799 /* LinNetworkAgent.m */; };
		32F3326C1C118525003C7799 /* LinBaseRequest.m in Sources */ = {isa = PBXBuildFile; fileRef = 32F3326B1C118525003C7799 /* LinBaseRequest.m */; };
		32FA531F1C11C6AA003741E7 /* LinNetworkPrivate.m in Sources */ = {isa = PBXBuildFile; fileRef = 32FA531E1C11C6AA003741E7 /* LinNetworkPrivate.m */; };
		32FA53251C11D0C6003741E7 /* LinApiManager.m in Sources */ = {isa = PBXBuildFile; fileRef = 32FA53241C11D0C6003741E7 /* LinApiManager.m */; };
		32FB38C01C1A770E00590AE8 /* order_details_arrow@2x.png in Resources */ = {isa = PBXBuildFile; fileRef = 32FB38BF1C1A770E00590AE8 /* order_details_arrow@2x.png */; };
		32FB38C41C1A7E6900590AE8 /* arrive_icon@2x.png in Resources */ = {isa = PBXBuildFile; fileRef = 32FB38C31C1A7E6900590AE8 /* arrive_icon@2x.png */; };
		32FB38C81C1A9AA100590AE8 /* LinApiManager+Order.m in Sources */ = {isa = PBXBuildFile; fileRef = 32FB38C71C1A9AA100590AE8 /* LinApiManager+Order.m */; };
		32FB38CB1C1AB93600590AE8 /* WLine.m in Sources */ = {isa = PBXBuildFile; fileRef = 32FB38CA1C1AB93600590AE8 /* WLine.m */; };
/* End PBXBuildFile section */

/* Begin PBXContainerItemProxy section */
		32B16E241C117BD400865247 /* PBXContainerItemProxy */ = {
			isa = PBXContainerItemProxy;
			containerPortal = 32B16DFF1C117BD400865247 /* Project object */;
			proxyType = 1;
			remoteGlobalIDString = 32B16E061C117BD400865247;
			remoteInfo = WoYaoFa;
		};
		32B16E2F1C117BD400865247 /* PBXContainerItemProxy */ = {
			isa = PBXContainerItemProxy;
			containerPortal = 32B16DFF1C117BD400865247 /* Project object */;
			proxyType = 1;
			remoteGlobalIDString = 32B16E061C117BD400865247;
			remoteInfo = WoYaoFa;
		};
/* End PBXContainerItemProxy section */

/* Begin PBXFileReference section */
		32430BF61C1A6C42007AB978 /* WOrdersViewController.h */ = {isa = PBXFileReference; fileEncoding = 4; lastKnownFileType = sourcecode.c.h; path = WOrdersViewController.h; sourceTree = "<group>"; };
		32430BF71C1A6C42007AB978 /* WOrdersViewController.m */ = {isa = PBXFileReference; fileEncoding = 4; lastKnownFileType = sourcecode.c.objc; path = WOrdersViewController.m; sourceTree = "<group>"; tabWidth = 5; };
		32430BFA1C1A6D5D007AB978 /* WOrderView.h */ = {isa = PBXFileReference; fileEncoding = 4; lastKnownFileType = sourcecode.c.h; path = WOrderView.h; sourceTree = "<group>"; };
		32430BFB1C1A6D5D007AB978 /* WOrderView.m */ = {isa = PBXFileReference; fileEncoding = 4; lastKnownFileType = sourcecode.c.objc; path = WOrderView.m; sourceTree = "<group>"; };
		32430BFD1C1A6D79007AB978 /* WOrder.h */ = {isa = PBXFileReference; fileEncoding = 4; lastKnownFileType = sourcecode.c.h; path = WOrder.h; sourceTree = "<group>"; };
		32430BFE1C1A6D79007AB978 /* WOrder.m */ = {isa = PBXFileReference; fileEncoding = 4; lastKnownFileType = sourcecode.c.objc; path = WOrder.m; sourceTree = "<group>"; };
		32430C011C1A7019007AB978 /* order_logistics@2x.png */ = {isa = PBXFileReference; lastKnownFileType = image.png; path = "order_logistics@2x.png"; sourceTree = "<group>"; };
		3273B7E61C12714300597049 /* WHomeNavigation.h */ = {isa = PBXFileReference; fileEncoding = 4; lastKnownFileType = sourcecode.c.h; path = WHomeNavigation.h; sourceTree = "<group>"; };
		3273B7E71C12714300597049 /* WHomeNavigation.m */ = {isa = PBXFileReference; fileEncoding = 4; lastKnownFileType = sourcecode.c.objc; path = WHomeNavigation.m; sourceTree = "<group>"; };
		3273B7EB1C12718000597049 /* WHomeViewController.h */ = {isa = PBXFileReference; fileEncoding = 4; lastKnownFileType = sourcecode.c.h; path = WHomeViewController.h; sourceTree = "<group>"; };
		3273B7EC1C12718000597049 /* WHomeViewController.m */ = {isa = PBXFileReference; fileEncoding = 4; lastKnownFileType = sourcecode.c.objc; path = WHomeViewController.m; sourceTree = "<group>"; };
		3273B7F31C1271D900597049 /* WProfileViewController.h */ = {isa = PBXFileReference; fileEncoding = 4; lastKnownFileType = sourcecode.c.h; path = WProfileViewController.h; sourceTree = "<group>"; };
		3273B7F41C1271D900597049 /* WProfileViewController.m */ = {isa = PBXFileReference; fileEncoding = 4; lastKnownFileType = sourcecode.c.objc; path = WProfileViewController.m; sourceTree = "<group>"; };
		3273B7F81C12721200597049 /* WOrderNavigation.h */ = {isa = PBXFileReference; fileEncoding = 4; lastKnownFileType = sourcecode.c.h; path = WOrderNavigation.h; sourceTree = "<group>"; };
		3273B7F91C12721200597049 /* WOrderNavigation.m */ = {isa = PBXFileReference; fileEncoding = 4; lastKnownFileType = sourcecode.c.objc; path = WOrderNavigation.m; sourceTree = "<group>"; };
		3273B7FB1C12722E00597049 /* WProfileNavigation.h */ = {isa = PBXFileReference; fileEncoding = 4; lastKnownFileType = sourcecode.c.h; path = WProfileNavigation.h; sourceTree = "<group>"; };
		3273B7FC1C12722E00597049 /* WProfileNavigation.m */ = {isa = PBXFileReference; fileEncoding = 4; lastKnownFileType = sourcecode.c.objc; path = WProfileNavigation.m; sourceTree = "<group>"; };
		3273B8001C127F7800597049 /* house_not_choose.png */ = {isa = PBXFileReference; lastKnownFileType = image.png; path = house_not_choose.png; sourceTree = "<group>"; };
		3273B8011C127F7800597049 /* house_not_choose@2x.png */ = {isa = PBXFileReference; lastKnownFileType = image.png; path = "house_not_choose@2x.png"; sourceTree = "<group>"; };
		3273B8021C127F7800597049 /* house_not_choose@3x.png */ = {isa = PBXFileReference; lastKnownFileType = image.png; path = "house_not_choose@3x.png"; sourceTree = "<group>"; };
		3273B8031C127F7800597049 /* my_not_choose.png */ = {isa = PBXFileReference; lastKnownFileType = image.png; path = my_not_choose.png; sourceTree = "<group>"; };
		3273B8041C127F7800597049 /* my_not_choose@2x.png */ = {isa = PBXFileReference; lastKnownFileType = image.png; path = "my_not_choose@2x.png"; sourceTree = "<group>"; };
		3273B8051C127F7800597049 /* my_not_choose@3x.png */ = {isa = PBXFileReference; lastKnownFileType = image.png; path = "my_not_choose@3x.png"; sourceTree = "<group>"; };
		3273B8061C127F7800597049 /* order_not_choose.png */ = {isa = PBXFileReference; lastKnownFileType = image.png; path = order_not_choose.png; sourceTree = "<group>"; };
		3273B8071C127F7800597049 /* order_not_choose@2x.png */ = {isa = PBXFileReference; lastKnownFileType = image.png; path = "order_not_choose@2x.png"; sourceTree = "<group>"; };
		3273B8081C127F7800597049 /* order_not_choose@3x.png */ = {isa = PBXFileReference; lastKnownFileType = image.png; path = "order_not_choose@3x.png"; sourceTree = "<group>"; };
		3273B8121C12800500597049 /* house_choose.png */ = {isa = PBXFileReference; lastKnownFileType = image.png; path = house_choose.png; sourceTree = "<group>"; };
		3273B8131C12800500597049 /* house_choose@2x.png */ = {isa = PBXFileReference; lastKnownFileType = image.png; path = "house_choose@2x.png"; sourceTree = "<group>"; };
		3273B8141C12800500597049 /* house_choose@3x.png */ = {isa = PBXFileReference; lastKnownFileType = image.png; path = "house_choose@3x.png"; sourceTree = "<group>"; };
		3273B8151C12800500597049 /* my_choose.png */ = {isa = PBXFileReference; lastKnownFileType = image.png; path = my_choose.png; sourceTree = "<group>"; };
		3273B8161C12800500597049 /* my_choose@2x.png */ = {isa = PBXFileReference; lastKnownFileType = image.png; path = "my_choose@2x.png"; sourceTree = "<group>"; };
		3273B8171C12800500597049 /* my_choose@3x.png */ = {isa = PBXFileReference; lastKnownFileType = image.png; path = "my_choose@3x.png"; sourceTree = "<group>"; };
		3273B8181C12800500597049 /* order_choose.png */ = {isa = PBXFileReference; lastKnownFileType = image.png; path = order_choose.png; sourceTree = "<group>"; };
		3273B8191C12800500597049 /* order_choose@2x.png */ = {isa = PBXFileReference; lastKnownFileType = image.png; path = "order_choose@2x.png"; sourceTree = "<group>"; };
		3273B81A1C12800500597049 /* order_choose@3x.png */ = {isa = PBXFileReference; lastKnownFileType = image.png; path = "order_choose@3x.png"; sourceTree = "<group>"; };
		328707A61C1524800098296E /* WAddressBookViewController.h */ = {isa = PBXFileReference; fileEncoding = 4; lastKnownFileType = sourcecode.c.h; path = WAddressBookViewController.h; sourceTree = "<group>"; };
		328707A71C1524800098296E /* WAddressBookViewController.m */ = {isa = PBXFileReference; fileEncoding = 4; lastKnownFileType = sourcecode.c.objc; path = WAddressBookViewController.m; sourceTree = "<group>"; };
		328707AC1C1525510098296E /* WAddressBookView.h */ = {isa = PBXFileReference; fileEncoding = 4; lastKnownFileType = sourcecode.c.h; path = WAddressBookView.h; sourceTree = "<group>"; };
		328707AD1C1525510098296E /* WAddressBookView.m */ = {isa = PBXFileReference; fileEncoding = 4; lastKnownFileType = sourcecode.c.objc; path = WAddressBookView.m; sourceTree = "<group>"; };
		328707B11C1526E00098296E /* UILabel+LLabel.h */ = {isa = PBXFileReference; fileEncoding = 4; lastKnownFileType = sourcecode.c.h; path = "UILabel+LLabel.h"; sourceTree = "<group>"; };
		328707B21C1526E00098296E /* UILabel+LLabel.m */ = {isa = PBXFileReference; fileEncoding = 4; lastKnownFileType = sourcecode.c.objc; path = "UILabel+LLabel.m"; sourceTree = "<group>"; };
		328707B51C1529F00098296E /* LLabel.h */ = {isa = PBXFileReference; fileEncoding = 4; lastKnownFileType = sourcecode.c.h; path = LLabel.h; sourceTree = "<group>"; };
		328707B61C1529F00098296E /* LLabel.m */ = {isa = PBXFileReference; fileEncoding = 4; lastKnownFileType = sourcecode.c.objc; path = LLabel.m; sourceTree = "<group>"; };
		328707C21C1568650098296E /* my_address_book_default@2x.png */ = {isa = PBXFileReference; lastKnownFileType = image.png; path = "my_address_book_default@2x.png"; sourceTree = "<group>"; };
		328707C51C15696E0098296E /* WSettingViewController.h */ = {isa = PBXFileReference; fileEncoding = 4; lastKnownFileType = sourcecode.c.h; path = WSettingViewController.h; sourceTree = "<group>"; };
		328707C61C15696E0098296E /* WSettingViewController.m */ = {isa = PBXFileReference; fileEncoding = 4; lastKnownFileType = sourcecode.c.objc; path = WSettingViewController.m; sourceTree = "<group>"; };
		328707C91C156B900098296E /* WSettingView.h */ = {isa = PBXFileReference; fileEncoding = 4; lastKnownFileType = sourcecode.c.h; path = WSettingView.h; sourceTree = "<group>"; };
		328707CA1C156B900098296E /* WSettingView.m */ = {isa = PBXFileReference; fileEncoding = 4; lastKnownFileType = sourcecode.c.objc; path = WSettingView.m; sourceTree = "<group>"; };
		328707D41C1582F30098296E /* my_set_up@2x.png */ = {isa = PBXFileReference; lastKnownFileType = image.png; path = "my_set_up@2x.png"; sourceTree = "<group>"; };
		328707D71C1584F20098296E /* UIViewExt.h */ = {isa = PBXFileReference; fileEncoding = 4; lastKnownFileType = sourcecode.c.h; path = UIViewExt.h; sourceTree = "<group>"; };
		328707D81C1584F20098296E /* UIViewExt.m */ = {isa = PBXFileReference; fileEncoding = 4; lastKnownFileType = sourcecode.c.objc; path = UIViewExt.m; sourceTree = "<group>"; };
		329315161C192588009AF33D /* bg.png */ = {isa = PBXFileReference; lastKnownFileType = image.png; path = bg.png; sourceTree = "<group>"; };
		329315181C1927B5009AF33D /* WLoginNavigation.h */ = {isa = PBXFileReference; fileEncoding = 4; lastKnownFileType = sourcecode.c.h; path = WLoginNavigation.h; sourceTree = "<group>"; };
		329315191C1927B5009AF33D /* WLoginNavigation.m */ = {isa = PBXFileReference; fileEncoding = 4; lastKnownFileType = sourcecode.c.objc; path = WLoginNavigation.m; sourceTree = "<group>"; };
		3293151B1C1930F6009AF33D /* WLoginViewController.h */ = {isa = PBXFileReference; fileEncoding = 4; lastKnownFileType = sourcecode.c.h; path = WLoginViewController.h; sourceTree = "<group>"; };
		3293151C1C1930F6009AF33D /* WLoginViewController.m */ = {isa = PBXFileReference; fileEncoding = 4; lastKnownFileType = sourcecode.c.objc; path = WLoginViewController.m; sourceTree = "<group>"; };
		329315231C193F15009AF33D /* registered_phone@2x.png */ = {isa = PBXFileReference; lastKnownFileType = image.png; path = "registered_phone@2x.png"; sourceTree = "<group>"; };
		329315251C193F58009AF33D /* registered_password@2x.png */ = {isa = PBXFileReference; lastKnownFileType = image.png; path = "registered_password@2x.png"; sourceTree = "<group>"; };
		329315271C19447E009AF33D /* WRegisterViewController.h */ = {isa = PBXFileReference; fileEncoding = 4; lastKnownFileType = sourcecode.c.h; path = WRegisterViewController.h; sourceTree = "<group>"; };
		329315281C19447E009AF33D /* WRegisterViewController.m */ = {isa = PBXFileReference; fileEncoding = 4; lastKnownFileType = sourcecode.c.objc; path = WRegisterViewController.m; sourceTree = "<group>"; };
		329315301C194E69009AF33D /* binding_validation@2x.png */ = {isa = PBXFileReference; lastKnownFileType = image.png; path = "binding_validation@2x.png"; sourceTree = "<group>"; };
		329315321C194E91009AF33D /* binding_phone@2x.png */ = {isa = PBXFileReference; lastKnownFileType = image.png; path = "binding_phone@2x.png"; sourceTree = "<group>"; };
		329315341C194EB8009AF33D /* registered_password_1@2x.png */ = {isa = PBXFileReference; lastKnownFileType = image.png; path = "registered_password_1@2x.png"; sourceTree = "<group>"; };
		329315371C19547C009AF33D /* LCountDownButton.h */ = {isa = PBXFileReference; fileEncoding = 4; lastKnownFileType = sourcecode.c.h; path = LCountDownButton.h; sourceTree = "<group>"; };
		329315381C19547C009AF33D /* LCountDownButton.m */ = {isa = PBXFileReference; fileEncoding = 4; lastKnownFileType = sourcecode.c.objc; path = LCountDownButton.m; sourceTree = "<group>"; };
		3293153C1C19620C009AF33D /* en */ = {isa = PBXFileReference; lastKnownFileType = text.plist.strings; name = en; path = en.lproj/SMS_SDKLocalizable.strings; sourceTree = "<group>"; };
		3293153D1C19620C009AF33D /* MOBFoundation.framework */ = {isa = PBXFileReference; lastKnownFileType = wrapper.framework; path = MOBFoundation.framework; sourceTree = "<group>"; };
		3293153E1C19620C009AF33D /* SMS_SDK.framework */ = {isa = PBXFileReference; lastKnownFileType = wrapper.framework; path = SMS_SDK.framework; sourceTree = "<group>"; };
		3293153F1C19620C009AF33D /* zh-Hans */ = {isa = PBXFileReference; lastKnownFileType = text.plist.strings; name = "zh-Hans"; path = "zh-Hans.lproj/SMS_SDKLocalizable.strings"; sourceTree = "<group>"; };
		329315431C1962A0009AF33D /* libicucore.tbd */ = {isa = PBXFileReference; lastKnownFileType = "sourcecode.text-based-dylib-definition"; name = libicucore.tbd; path = usr/lib/libicucore.tbd; sourceTree = SDKROOT; };
		329315451C1962A9009AF33D /* libz.tbd */ = {isa = PBXFileReference; lastKnownFileType = "sourcecode.text-based-dylib-definition"; name = libz.tbd; path = usr/lib/libz.tbd; sourceTree = SDKROOT; };
		329315471C1962B5009AF33D /* JavaScriptCore.framework */ = {isa = PBXFileReference; lastKnownFileType = wrapper.framework; name = JavaScriptCore.framework; path = System/Library/Frameworks/JavaScriptCore.framework; sourceTree = SDKROOT; };
		329315491C1962BF009AF33D /* libstdc++.tbd */ = {isa = PBXFileReference; lastKnownFileType = "sourcecode.text-based-dylib-definition"; name = "libstdc++.tbd"; path = "usr/lib/libstdc++.tbd"; sourceTree = SDKROOT; };
		3293154C1C196573009AF33D /* LinApiManager+LoginAndRegister.h */ = {isa = PBXFileReference; fileEncoding = 4; lastKnownFileType = sourcecode.c.h; path = "LinApiManager+LoginAndRegister.h"; sourceTree = "<group>"; };
		3293154D1C196573009AF33D /* LinApiManager+LoginAndRegister.m */ = {isa = PBXFileReference; fileEncoding = 4; lastKnownFileType = sourcecode.c.objc; path = "LinApiManager+LoginAndRegister.m"; sourceTree = "<group>"; };
		329315501C197111009AF33D /* WNotification.h */ = {isa = PBXFileReference; lastKnownFileType = sourcecode.c.h; path = WNotification.h; sourceTree = "<group>"; };
		329315521C197A4B009AF33D /* KeychainItemWrapper.h */ = {isa = PBXFileReference; fileEncoding = 4; lastKnownFileType = sourcecode.c.h; path = KeychainItemWrapper.h; sourceTree = "<group>"; };
		329315531C197A4B009AF33D /* KeychainItemWrapper.m */ = {isa = PBXFileReference; fileEncoding = 4; lastKnownFileType = sourcecode.c.objc; path = KeychainItemWrapper.m; sourceTree = "<group>"; };
		329315551C197A76009AF33D /* Security.framework */ = {isa = PBXFileReference; lastKnownFileType = wrapper.framework; name = Security.framework; path = System/Library/Frameworks/Security.framework; sourceTree = SDKROOT; };
		32B16E071C117BD400865247 /* WoYaoFa.app */ = {isa = PBXFileReference; explicitFileType = wrapper.application; includeInIndex = 0; path = WoYaoFa.app; sourceTree = BUILT_PRODUCTS_DIR; };
		32B16E0B1C117BD400865247 /* main.m */ = {isa = PBXFileReference; lastKnownFileType = sourcecode.c.objc; path = main.m; sourceTree = "<group>"; };
		32B16E0D1C117BD400865247 /* AppDelegate.h */ = {isa = PBXFileReference; lastKnownFileType = sourcecode.c.h; path = AppDelegate.h; sourceTree = "<group>"; };
		32B16E0E1C117BD400865247 /* AppDelegate.m */ = {isa = PBXFileReference; lastKnownFileType = sourcecode.c.objc; path = AppDelegate.m; sourceTree = "<group>"; };
		32B16E171C117BD400865247 /* Base */ = {isa = PBXFileReference; lastKnownFileType = file.storyboard; name = Base; path = Base.lproj/Main.storyboard; sourceTree = "<group>"; };
		32B16E191C117BD400865247 /* Assets.xcassets */ = {isa = PBXFileReference; lastKnownFileType = folder.assetcatalog; path = Assets.xcassets; sourceTree = "<group>"; };
		32B16E1C1C117BD400865247 /* Base */ = {isa = PBXFileReference; lastKnownFileType = file.storyboard; name = Base; path = Base.lproj/LaunchScreen.storyboard; sourceTree = "<group>"; };
		32B16E1E1C117BD400865247 /* Info.plist */ = {isa = PBXFileReference; lastKnownFileType = text.plist.xml; path = Info.plist; sourceTree = "<group>"; };
		32B16E231C117BD400865247 /* WoYaoFaTests.xctest */ = {isa = PBXFileReference; explicitFileType = wrapper.cfbundle; includeInIndex = 0; path = WoYaoFaTests.xctest; sourceTree = BUILT_PRODUCTS_DIR; };
		32B16E271C117BD400865247 /* WoYaoFaTests.m */ = {isa = PBXFileReference; lastKnownFileType = sourcecode.c.objc; path = WoYaoFaTests.m; sourceTree = "<group>"; };
		32B16E291C117BD400865247 /* Info.plist */ = {isa = PBXFileReference; lastKnownFileType = text.plist.xml; path = Info.plist; sourceTree = "<group>"; };
		32B16E2E1C117BD400865247 /* WoYaoFaUITests.xctest */ = {isa = PBXFileReference; explicitFileType = wrapper.cfbundle; includeInIndex = 0; path = WoYaoFaUITests.xctest; sourceTree = BUILT_PRODUCTS_DIR; };
		32B16E321C117BD400865247 /* WoYaoFaUITests.m */ = {isa = PBXFileReference; lastKnownFileType = sourcecode.c.objc; path = WoYaoFaUITests.m; sourceTree = "<group>"; };
		32B16E341C117BD400865247 /* Info.plist */ = {isa = PBXFileReference; lastKnownFileType = text.plist.xml; path = Info.plist; sourceTree = "<group>"; };
		32BB86021C18029D008016A4 /* MBProgressHUD+LHUD.h */ = {isa = PBXFileReference; fileEncoding = 4; lastKnownFileType = sourcecode.c.h; path = "MBProgressHUD+LHUD.h"; sourceTree = "<group>"; };
		32BB86031C18029D008016A4 /* MBProgressHUD+LHUD.m */ = {isa = PBXFileReference; fileEncoding = 4; lastKnownFileType = sourcecode.c.objc; path = "MBProgressHUD+LHUD.m"; sourceTree = "<group>"; };
		32BB86051C180499008016A4 /* MBProgressHUD.bundle */ = {isa = PBXFileReference; lastKnownFileType = "wrapper.plug-in"; path = MBProgressHUD.bundle; sourceTree = "<group>"; };
		32BB86071C180E9D008016A4 /* WAccount.h */ = {isa = PBXFileReference; fileEncoding = 4; lastKnownFileType = sourcecode.c.h; path = WAccount.h; sourceTree = "<group>"; };
		32BB86081C180E9D008016A4 /* WAccount.m */ = {isa = PBXFileReference; fileEncoding = 4; lastKnownFileType = sourcecode.c.objc; path = WAccount.m; sourceTree = "<group>"; };
		32BB860B1C181093008016A4 /* MJExtnsionConfig.h */ = {isa = PBXFileReference; fileEncoding = 4; lastKnownFileType = sourcecode.c.h; path = MJExtnsionConfig.h; sourceTree = "<group>"; };
		32BB860C1C181093008016A4 /* MJExtnsionConfig.m */ = {isa = PBXFileReference; fileEncoding = 4; lastKnownFileType = sourcecode.c.objc; path = MJExtnsionConfig.m; sourceTree = "<group>"; };
		32BB860F1C1812AC008016A4 /* LDataResult.h */ = {isa = PBXFileReference; fileEncoding = 4; lastKnownFileType = sourcecode.c.h; path = LDataResult.h; sourceTree = "<group>"; };
		32BB86101C1812AC008016A4 /* LDataResult.m */ = {isa = PBXFileReference; fileEncoding = 4; lastKnownFileType = sourcecode.c.objc; path = LDataResult.m; sourceTree = "<group>"; };
		32BB86131C181367008016A4 /* LPageResult.h */ = {isa = PBXFileReference; fileEncoding = 4; lastKnownFileType = sourcecode.c.h; path = LPageResult.h; sourceTree = "<group>"; };
		32BB86141C181367008016A4 /* LPageResult.m */ = {isa = PBXFileReference; fileEncoding = 4; lastKnownFileType = sourcecode.c.objc; path = LPageResult.m; sourceTree = "<group>"; };
		32BB86161C18164D008016A4 /* WUser.h */ = {isa = PBXFileReference; fileEncoding = 4; lastKnownFileType = sourcecode.c.h; path = WUser.h; sourceTree = "<group>"; };
		32BB86171C18164D008016A4 /* WUser.m */ = {isa = PBXFileReference; fileEncoding = 4; lastKnownFileType = sourcecode.c.objc; path = WUser.m; sourceTree = "<group>"; };
		32BB86191C181800008016A4 /* WAddressBook.h */ = {isa = PBXFileReference; fileEncoding = 4; lastKnownFileType = sourcecode.c.h; path = WAddressBook.h; sourceTree = "<group>"; };
		32BB861A1C181800008016A4 /* WAddressBook.m */ = {isa = PBXFileReference; fileEncoding = 4; lastKnownFileType = sourcecode.c.objc; path = WAddressBook.m; sourceTree = "<group>"; };
		32BB861E1C181996008016A4 /* LinApiManager+AddressBook.h */ = {isa = PBXFileReference; fileEncoding = 4; lastKnownFileType = sourcecode.c.h; path = "LinApiManager+AddressBook.h"; sourceTree = "<group>"; };
		32BB861F1C181996008016A4 /* LinApiManager+AddressBook.m */ = {isa = PBXFileReference; fileEncoding = 4; lastKnownFileType = sourcecode.c.objc; path = "LinApiManager+AddressBook.m"; sourceTree = "<group>"; };
		32C6B7AB1C13320F00A70EE1 /* my_opinion@2x.png */ = {isa = PBXFileReference; lastKnownFileType = image.png; path = "my_opinion@2x.png"; sourceTree = "<group>"; };
		32C6B7AC1C13320F00A70EE1 /* my_order_history@2x.png */ = {isa = PBXFileReference; lastKnownFileType = image.png; path = "my_order_history@2x.png"; sourceTree = "<group>"; };
		32C6B7AD1C13320F00A70EE1 /* my_phone@2x.png */ = {isa = PBXFileReference; lastKnownFileType = image.png; path = "my_phone@2x.png"; sourceTree = "<group>"; };
		32C6B7B61C13337800A70EE1 /* my_address_book@2x.png */ = {isa = PBXFileReference; lastKnownFileType = image.png; path = "my_address_book@2x.png"; sourceTree = "<group>"; };
		32C6B7B71C13337800A70EE1 /* my_collection@2x.png */ = {isa = PBXFileReference; lastKnownFileType = image.png; path = "my_collection@2x.png"; sourceTree = "<group>"; };
		32C7AE051C13F12400B547D4 /* WProfileHeaderView.h */ = {isa = PBXFileReference; fileEncoding = 4; lastKnownFileType = sourcecode.c.h; path = WProfileHeaderView.h; sourceTree = "<group>"; };
		32C7AE061C13F12400B547D4 /* WProfileHeaderView.m */ = {isa = PBXFileReference; fileEncoding = 4; lastKnownFileType = sourcecode.c.objc; path = WProfileHeaderView.m; sourceTree = "<group>"; };
		32F3325F1C117E2F003C7799 /* ViewController.h */ = {isa = PBXFileReference; fileEncoding = 4; lastKnownFileType = sourcecode.c.h; path = ViewController.h; sourceTree = "<group>"; };
		32F332601C117E2F003C7799 /* ViewController.m */ = {isa = PBXFileReference; fileEncoding = 4; lastKnownFileType = sourcecode.c.objc; path = ViewController.m; sourceTree = "<group>"; };
		32F332671C11847D003C7799 /* LinNetworkAgent.h */ = {isa = PBXFileReference; fileEncoding = 4; lastKnownFileType = sourcecode.c.h; path = LinNetworkAgent.h; sourceTree = "<group>"; };
		32F332681C11847D003C7799 /* LinNetworkAgent.m */ = {isa = PBXFileReference; fileEncoding = 4; lastKnownFileType = sourcecode.c.objc; path = LinNetworkAgent.m; sourceTree = "<group>"; };
		32F3326A1C118525003C7799 /* LinBaseRequest.h */ = {isa = PBXFileReference; fileEncoding = 4; lastKnownFileType = sourcecode.c.h; path = LinBaseRequest.h; sourceTree = "<group>"; };
		32F3326B1C118525003C7799 /* LinBaseRequest.m */ = {isa = PBXFileReference; fileEncoding = 4; lastKnownFileType = sourcecode.c.objc; path = LinBaseRequest.m; sourceTree = "<group>"; };
		32FA531D1C11C6AA003741E7 /* LinNetworkPrivate.h */ = {isa = PBXFileReference; fileEncoding = 4; lastKnownFileType = sourcecode.c.h; path = LinNetworkPrivate.h; sourceTree = "<group>"; };
		32FA531E1C11C6AA003741E7 /* LinNetworkPrivate.m */ = {isa = PBXFileReference; fileEncoding = 4; lastKnownFileType = sourcecode.c.objc; path = LinNetworkPrivate.m; sourceTree = "<group>"; };
		32FA53201C11D054003741E7 /* LinNetwork.h */ = {isa = PBXFileReference; lastKnownFileType = sourcecode.c.h; path = LinNetwork.h; sourceTree = "<group>"; };
		32FA53231C11D0C6003741E7 /* LinApiManager.h */ = {isa = PBXFileReference; fileEncoding = 4; lastKnownFileType = sourcecode.c.h; path = LinApiManager.h; sourceTree = "<group>"; };
		32FA53241C11D0C6003741E7 /* LinApiManager.m */ = {isa = PBXFileReference; fileEncoding = 4; lastKnownFileType = sourcecode.c.objc; path = LinApiManager.m; sourceTree = "<group>"; };
		32FA53261C11DC22003741E7 /* woyaofa-prefix.pch */ = {isa = PBXFileReference; lastKnownFileType = sourcecode.c.h; path = "woyaofa-prefix.pch"; sourceTree = "<group>"; };
		32FB38BF1C1A770E00590AE8 /* order_details_arrow@2x.png */ = {isa = PBXFileReference; lastKnownFileType = image.png; path = "order_details_arrow@2x.png"; sourceTree = "<group>"; };
		32FB38C31C1A7E6900590AE8 /* arrive_icon@2x.png */ = {isa = PBXFileReference; lastKnownFileType = image.png; path = "arrive_icon@2x.png"; sourceTree = "<group>"; };
		32FB38C61C1A9AA100590AE8 /* LinApiManager+Order.h */ = {isa = PBXFileReference; fileEncoding = 4; lastKnownFileType = sourcecode.c.h; path = "LinApiManager+Order.h"; sourceTree = "<group>"; };
		32FB38C71C1A9AA100590AE8 /* LinApiManager+Order.m */ = {isa = PBXFileReference; fileEncoding = 4; lastKnownFileType = sourcecode.c.objc; path = "LinApiManager+Order.m"; sourceTree = "<group>"; };
		32FB38C91C1AB93600590AE8 /* WLine.h */ = {isa = PBXFileReference; fileEncoding = 4; lastKnownFileType = sourcecode.c.h; path = WLine.h; sourceTree = "<group>"; };
		32FB38CA1C1AB93600590AE8 /* WLine.m */ = {isa = PBXFileReference; fileEncoding = 4; lastKnownFileType = sourcecode.c.objc; path = WLine.m; sourceTree = "<group>"; };
		80D05CAFA9B83E73D7012224 /* libPods-WoYaoFa.a */ = {isa = PBXFileReference; explicitFileType = archive.ar; includeInIndex = 0; path = "libPods-WoYaoFa.a"; sourceTree = BUILT_PRODUCTS_DIR; };
		C0F340910DBF8DF3B8ED5DBB /* Pods-WoYaoFa.release.xcconfig */ = {isa = PBXFileReference; includeInIndex = 1; lastKnownFileType = text.xcconfig; name = "Pods-WoYaoFa.release.xcconfig"; path = "Pods/Target Support Files/Pods-WoYaoFa/Pods-WoYaoFa.release.xcconfig"; sourceTree = "<group>"; };
		C77E20BC66631F70106F6E3F /* Pods-WoYaoFa.debug.xcconfig */ = {isa = PBXFileReference; includeInIndex = 1; lastKnownFileType = text.xcconfig; name = "Pods-WoYaoFa.debug.xcconfig"; path = "Pods/Target Support Files/Pods-WoYaoFa/Pods-WoYaoFa.debug.xcconfig"; sourceTree = "<group>"; };
/* End PBXFileReference section */

/* Begin PBXFrameworksBuildPhase section */
		32B16E041C117BD400865247 /* Frameworks */ = {
			isa = PBXFrameworksBuildPhase;
			buildActionMask = 2147483647;
			files = (
				329315561C197A76009AF33D /* Security.framework in Frameworks */,
				3293154A1C1962BF009AF33D /* libstdc++.tbd in Frameworks */,
				329315481C1962B5009AF33D /* JavaScriptCore.framework in Frameworks */,
				329315461C1962A9009AF33D /* libz.tbd in Frameworks */,
				329315441C1962A0009AF33D /* libicucore.tbd in Frameworks */,
				329315421C19620C009AF33D /* SMS_SDK.framework in Frameworks */,
				329315411C19620C009AF33D /* MOBFoundation.framework in Frameworks */,
				298558AB1202074366CB41CD /* libPods-WoYaoFa.a in Frameworks */,
			);
			runOnlyForDeploymentPostprocessing = 0;
		};
		32B16E201C117BD400865247 /* Frameworks */ = {
			isa = PBXFrameworksBuildPhase;
			buildActionMask = 2147483647;
			files = (
			);
			runOnlyForDeploymentPostprocessing = 0;
		};
		32B16E2B1C117BD400865247 /* Frameworks */ = {
			isa = PBXFrameworksBuildPhase;
			buildActionMask = 2147483647;
			files = (
			);
			runOnlyForDeploymentPostprocessing = 0;
		};
/* End PBXFrameworksBuildPhase section */

/* Begin PBXGroup section */
		32430BF91C1A6D45007AB978 /* Order */ = {
			isa = PBXGroup;
			children = (
				32430BFA1C1A6D5D007AB978 /* WOrderView.h */,
				32430BFB1C1A6D5D007AB978 /* WOrderView.m */,
			);
			name = Order;
			sourceTree = "<group>";
		};
		32430C001C1A700F007AB978 /* Order */ = {
			isa = PBXGroup;
			children = (
				32FB38C31C1A7E6900590AE8 /* arrive_icon@2x.png */,
				32FB38BF1C1A770E00590AE8 /* order_details_arrow@2x.png */,
				32430C011C1A7019007AB978 /* order_logistics@2x.png */,
			);
			name = Order;
			sourceTree = "<group>";
		};
		3273B7E51C12711100597049 /* Navigation */ = {
			isa = PBXGroup;
			children = (
				3273B7E61C12714300597049 /* WHomeNavigation.h */,
				3273B7E71C12714300597049 /* WHomeNavigation.m */,
				3273B7F81C12721200597049 /* WOrderNavigation.h */,
				3273B7F91C12721200597049 /* WOrderNavigation.m */,
				3273B7FB1C12722E00597049 /* WProfileNavigation.h */,
				3273B7FC1C12722E00597049 /* WProfileNavigation.m */,
				329315181C1927B5009AF33D /* WLoginNavigation.h */,
				329315191C1927B5009AF33D /* WLoginNavigation.m */,
			);
			name = Navigation;
			sourceTree = "<group>";
		};
		3273B7E91C12715000597049 /* Home */ = {
			isa = PBXGroup;
			children = (
				3273B7EA1C12715700597049 /* RootView */,
			);
			name = Home;
			sourceTree = "<group>";
		};
		3273B7EA1C12715700597049 /* RootView */ = {
			isa = PBXGroup;
			children = (
				3273B7EB1C12718000597049 /* WHomeViewController.h */,
				3273B7EC1C12718000597049 /* WHomeViewController.m */,
			);
			name = RootView;
			sourceTree = "<group>";
		};
		3273B7EE1C12718700597049 /* Order */ = {
			isa = PBXGroup;
			children = (
				3273B7EF1C12719300597049 /* RootView */,
			);
			name = Order;
			sourceTree = "<group>";
		};
		3273B7EF1C12719300597049 /* RootView */ = {
			isa = PBXGroup;
			children = (
				32430BF61C1A6C42007AB978 /* WOrdersViewController.h */,
				32430BF71C1A6C42007AB978 /* WOrdersViewController.m */,
			);
			name = RootView;
			sourceTree = "<group>";
		};
		3273B7F61C1271DE00597049 /* Profile */ = {
			isa = PBXGroup;
			children = (
				329315121C19208D009AF33D /* LoginAndRegister */,
				328707C41C15694F0098296E /* Setting */,
				328707A51C15244E0098296E /* AddressBook */,
				3273B7F71C1271E900597049 /* RootView */,
			);
			name = Profile;
			sourceTree = "<group>";
		};
		3273B7F71C1271E900597049 /* RootView */ = {
			isa = PBXGroup;
			children = (
				3273B7F31C1271D900597049 /* WProfileViewController.h */,
				3273B7F41C1271D900597049 /* WProfileViewController.m */,
			);
			name = RootView;
			sourceTree = "<group>";
		};
		3273B7FE1C127F5500597049 /* images */ = {
			isa = PBXGroup;
			children = (
				32430C001C1A700F007AB978 /* Order */,
				329315161C192588009AF33D /* bg.png */,
				329315221C193E35009AF33D /* LoginAndRegister */,
				32C6B7A91C13318500A70EE1 /* Profile */,
				3273B7FF1C127F5B00597049 /* Tabbar */,
			);
			name = images;
			sourceTree = "<group>";
		};
		3273B7FF1C127F5B00597049 /* Tabbar */ = {
			isa = PBXGroup;
			children = (
				3273B8121C12800500597049 /* house_choose.png */,
				3273B8131C12800500597049 /* house_choose@2x.png */,
				3273B8141C12800500597049 /* house_choose@3x.png */,
				3273B8151C12800500597049 /* my_choose.png */,
				3273B8161C12800500597049 /* my_choose@2x.png */,
				3273B8171C12800500597049 /* my_choose@3x.png */,
				3273B8181C12800500597049 /* order_choose.png */,
				3273B8191C12800500597049 /* order_choose@2x.png */,
				3273B81A1C12800500597049 /* order_choose@3x.png */,
				3273B8001C127F7800597049 /* house_not_choose.png */,
				3273B8011C127F7800597049 /* house_not_choose@2x.png */,
				3273B8021C127F7800597049 /* house_not_choose@3x.png */,
				3273B8031C127F7800597049 /* my_not_choose.png */,
				3273B8041C127F7800597049 /* my_not_choose@2x.png */,
				3273B8051C127F7800597049 /* my_not_choose@3x.png */,
				3273B8061C127F7800597049 /* order_not_choose.png */,
				3273B8071C127F7800597049 /* order_not_choose@2x.png */,
				3273B8081C127F7800597049 /* order_not_choose@3x.png */,
			);
			name = Tabbar;
			sourceTree = "<group>";
		};
		328707A51C15244E0098296E /* AddressBook */ = {
			isa = PBXGroup;
			children = (
				328707A61C1524800098296E /* WAddressBookViewController.h */,
				328707A71C1524800098296E /* WAddressBookViewController.m */,
			);
			name = AddressBook;
			sourceTree = "<group>";
		};
		328707A91C1525090098296E /* Profile */ = {
			isa = PBXGroup;
			children = (
				328707C81C156B780098296E /* Setting */,
				328707AB1C1525230098296E /* AddressBook */,
				328707AA1C1525190098296E /* RootView */,
			);
			name = Profile;
			sourceTree = "<group>";
		};
		328707AA1C1525190098296E /* RootView */ = {
			isa = PBXGroup;
			children = (
				32C7AE051C13F12400B547D4 /* WProfileHeaderView.h */,
				32C7AE061C13F12400B547D4 /* WProfileHeaderView.m */,
			);
			name = RootView;
			sourceTree = "<group>";
		};
		328707AB1C1525230098296E /* AddressBook */ = {
			isa = PBXGroup;
			children = (
				328707AC1C1525510098296E /* WAddressBookView.h */,
				328707AD1C1525510098296E /* WAddressBookView.m */,
			);
			name = AddressBook;
			sourceTree = "<group>";
		};
		328707AF1C1526B60098296E /* Extends */ = {
			isa = PBXGroup;
			children = (
				3293154F1C1970ED009AF33D /* Header */,
				328707B41C1529B70098296E /* Widget */,
				328707B01C1526BE0098296E /* Categories */,
			);
			name = Extends;
			sourceTree = "<group>";
		};
		328707B01C1526BE0098296E /* Categories */ = {
			isa = PBXGroup;
			children = (
				32BB85FE1C17FF46008016A4 /* HUD */,
				328707D61C1584CA0098296E /* View */,
				328707B91C152A090098296E /* Label */,
			);
			name = Categories;
			sourceTree = "<group>";
		};
		328707B41C1529B70098296E /* Widget */ = {
			isa = PBXGroup;
			children = (
				329315511C197A32009AF33D /* Keychain */,
				329315361C195464009AF33D /* Button */,
				328707B81C1529FA0098296E /* Label */,
			);
			name = Widget;
			sourceTree = "<group>";
		};
		328707B81C1529FA0098296E /* Label */ = {
			isa = PBXGroup;
			children = (
				328707B51C1529F00098296E /* LLabel.h */,
				328707B61C1529F00098296E /* LLabel.m */,
			);
			name = Label;
			sourceTree = "<group>";
		};
		328707B91C152A090098296E /* Label */ = {
			isa = PBXGroup;
			children = (
				328707B11C1526E00098296E /* UILabel+LLabel.h */,
				328707B21C1526E00098296E /* UILabel+LLabel.m */,
			);
			name = Label;
			sourceTree = "<group>";
		};
		328707C41C15694F0098296E /* Setting */ = {
			isa = PBXGroup;
			children = (
				328707C51C15696E0098296E /* WSettingViewController.h */,
				328707C61C15696E0098296E /* WSettingViewController.m */,
			);
			name = Setting;
			sourceTree = "<group>";
		};
		328707C81C156B780098296E /* Setting */ = {
			isa = PBXGroup;
			children = (
				328707C91C156B900098296E /* WSettingView.h */,
				328707CA1C156B900098296E /* WSettingView.m */,
			);
			name = Setting;
			sourceTree = "<group>";
		};
		328707D61C1584CA0098296E /* View */ = {
			isa = PBXGroup;
			children = (
				328707D71C1584F20098296E /* UIViewExt.h */,
				328707D81C1584F20098296E /* UIViewExt.m */,
			);
			name = View;
			sourceTree = "<group>";
		};
		329315121C19208D009AF33D /* LoginAndRegister */ = {
			isa = PBXGroup;
			children = (
				3293151B1C1930F6009AF33D /* WLoginViewController.h */,
				3293151C1C1930F6009AF33D /* WLoginViewController.m */,
				329315271C19447E009AF33D /* WRegisterViewController.h */,
				329315281C19447E009AF33D /* WRegisterViewController.m */,
			);
			name = LoginAndRegister;
			sourceTree = "<group>";
		};
		329315221C193E35009AF33D /* LoginAndRegister */ = {
			isa = PBXGroup;
			children = (
				329315341C194EB8009AF33D /* registered_password_1@2x.png */,
				329315321C194E91009AF33D /* binding_phone@2x.png */,
				329315301C194E69009AF33D /* binding_validation@2x.png */,
				329315231C193F15009AF33D /* registered_phone@2x.png */,
				329315251C193F58009AF33D /* registered_password@2x.png */,
			);
			name = LoginAndRegister;
			sourceTree = "<group>";
		};
		329315361C195464009AF33D /* Button */ = {
			isa = PBXGroup;
			children = (
				329315371C19547C009AF33D /* LCountDownButton.h */,
				329315381C19547C009AF33D /* LCountDownButton.m */,
			);
			name = Button;
			sourceTree = "<group>";
		};
		3293153A1C19620C009AF33D /* SMS_SDK */ = {
			isa = PBXGroup;
			children = (
				3293153B1C19620C009AF33D /* SMS_SDKLocalizable.strings */,
				3293153D1C19620C009AF33D /* MOBFoundation.framework */,
				3293153E1C19620C009AF33D /* SMS_SDK.framework */,
			);
			path = SMS_SDK;
			sourceTree = "<group>";
		};
		3293154B1C19655F009AF33D /* LoginAndRegister */ = {
			isa = PBXGroup;
			children = (
				3293154C1C196573009AF33D /* LinApiManager+LoginAndRegister.h */,
				3293154D1C196573009AF33D /* LinApiManager+LoginAndRegister.m */,
			);
			name = LoginAndRegister;
			sourceTree = "<group>";
		};
		3293154F1C1970ED009AF33D /* Header */ = {
			isa = PBXGroup;
			children = (
				329315501C197111009AF33D /* WNotification.h */,
			);
			name = Header;
			sourceTree = "<group>";
		};
		329315511C197A32009AF33D /* Keychain */ = {
			isa = PBXGroup;
			children = (
				329315521C197A4B009AF33D /* KeychainItemWrapper.h */,
				329315531C197A4B009AF33D /* KeychainItemWrapper.m */,
			);
			name = Keychain;
			sourceTree = "<group>";
		};
		32B16DFE1C117BD400865247 = {
			isa = PBXGroup;
			children = (
				32B16E091C117BD400865247 /* WoYaoFa */,
				32B16E261C117BD400865247 /* WoYaoFaTests */,
				32B16E311C117BD400865247 /* WoYaoFaUITests */,
				32B16E081C117BD400865247 /* Products */,
				79F43A808288ADD89A731FFA /* Pods */,
				385E2B46F96C57D969CC82AD /* Frameworks */,
			);
			sourceTree = "<group>";
		};
		32B16E081C117BD400865247 /* Products */ = {
			isa = PBXGroup;
			children = (
				32B16E071C117BD400865247 /* WoYaoFa.app */,
				32B16E231C117BD400865247 /* WoYaoFaTests.xctest */,
				32B16E2E1C117BD400865247 /* WoYaoFaUITests.xctest */,
			);
			name = Products;
			sourceTree = "<group>";
		};
		32B16E091C117BD400865247 /* WoYaoFa */ = {
			isa = PBXGroup;
			children = (
				328707AF1C1526B60098296E /* Extends */,
				32F332651C117E82003C7799 /* Vendors */,
				32F332641C117E5B003C7799 /* Models */,
				32F332631C117E49003C7799 /* ViewControllers */,
				32C7AE041C13F10C00B547D4 /* ViewModel */,
				32F332621C117E40003C7799 /* Views */,
				32B16E0D1C117BD400865247 /* AppDelegate.h */,
				32B16E0E1C117BD400865247 /* AppDelegate.m */,
				32F3325F1C117E2F003C7799 /* ViewController.h */,
				32F332601C117E2F003C7799 /* ViewController.m */,
				32B16E161C117BD400865247 /* Main.storyboard */,
				32B16E191C117BD400865247 /* Assets.xcassets */,
				32B16E1B1C117BD400865247 /* LaunchScreen.storyboard */,
				32B16E1E1C117BD400865247 /* Info.plist */,
				32B16E0A1C117BD400865247 /* Supporting Files */,
			);
			path = WoYaoFa;
			sourceTree = "<group>";
		};
		32B16E0A1C117BD400865247 /* Supporting Files */ = {
			isa = PBXGroup;
			children = (
				3273B7FE1C127F5500597049 /* images */,
				32B16E0B1C117BD400865247 /* main.m */,
				32FA53261C11DC22003741E7 /* woyaofa-prefix.pch */,
			);
			name = "Supporting Files";
			sourceTree = "<group>";
		};
		32B16E261C117BD400865247 /* WoYaoFaTests */ = {
			isa = PBXGroup;
			children = (
				32B16E271C117BD400865247 /* WoYaoFaTests.m */,
				32B16E291C117BD400865247 /* Info.plist */,
			);
			path = WoYaoFaTests;
			sourceTree = "<group>";
		};
		32B16E311C117BD400865247 /* WoYaoFaUITests */ = {
			isa = PBXGroup;
			children = (
				32B16E321C117BD400865247 /* WoYaoFaUITests.m */,
				32B16E341C117BD400865247 /* Info.plist */,
			);
			path = WoYaoFaUITests;
			sourceTree = "<group>";
		};
		32BB85FE1C17FF46008016A4 /* HUD */ = {
			isa = PBXGroup;
			children = (
				32BB86051C180499008016A4 /* MBProgressHUD.bundle */,
				32BB86021C18029D008016A4 /* MBProgressHUD+LHUD.h */,
				32BB86031C18029D008016A4 /* MBProgressHUD+LHUD.m */,
			);
			name = HUD;
			sourceTree = "<group>";
		};
		32BB860A1C181078008016A4 /* Config */ = {
			isa = PBXGroup;
			children = (
				32BB860B1C181093008016A4 /* MJExtnsionConfig.h */,
				32BB860C1C181093008016A4 /* MJExtnsionConfig.m */,
			);
			name = Config;
			sourceTree = "<group>";
		};
		32BB860E1C18115F008016A4 /* Common */ = {
			isa = PBXGroup;
			children = (
				32BB860F1C1812AC008016A4 /* LDataResult.h */,
				32BB86101C1812AC008016A4 /* LDataResult.m */,
				32BB86131C181367008016A4 /* LPageResult.h */,
				32BB86141C181367008016A4 /* LPageResult.m */,
			);
			name = Common;
			sourceTree = "<group>";
		};
		32BB861C1C18196C008016A4 /* Profile */ = {
			isa = PBXGroup;
			children = (
				3293154B1C19655F009AF33D /* LoginAndRegister */,
				32BB861D1C181976008016A4 /* AddressBook */,
			);
			name = Profile;
			sourceTree = "<group>";
		};
		32BB861D1C181976008016A4 /* AddressBook */ = {
			isa = PBXGroup;
			children = (
				32BB861E1C181996008016A4 /* LinApiManager+AddressBook.h */,
				32BB861F1C181996008016A4 /* LinApiManager+AddressBook.m */,
			);
			name = AddressBook;
			sourceTree = "<group>";
		};
		32C6B7A91C13318500A70EE1 /* Profile */ = {
			isa = PBXGroup;
			children = (
				328707D41C1582F30098296E /* my_set_up@2x.png */,
				328707C21C1568650098296E /* my_address_book_default@2x.png */,
				32C6B7B61C13337800A70EE1 /* my_address_book@2x.png */,
				32C6B7B71C13337800A70EE1 /* my_collection@2x.png */,
				32C6B7AB1C13320F00A70EE1 /* my_opinion@2x.png */,
				32C6B7AC1C13320F00A70EE1 /* my_order_history@2x.png */,
				32C6B7AD1C13320F00A70EE1 /* my_phone@2x.png */,
			);
			name = Profile;
			sourceTree = "<group>";
		};
		32C7AE041C13F10C00B547D4 /* ViewModel */ = {
			isa = PBXGroup;
			children = (
				32430BF91C1A6D45007AB978 /* Order */,
				328707A91C1525090098296E /* Profile */,
			);
			name = ViewModel;
			sourceTree = "<group>";
		};
		32F332621C117E40003C7799 /* Views */ = {
			isa = PBXGroup;
			children = (
				3273B7F61C1271DE00597049 /* Profile */,
				3273B7EE1C12718700597049 /* Order */,
				3273B7E91C12715000597049 /* Home */,
				3273B7E51C12711100597049 /* Navigation */,
			);
			name = Views;
			sourceTree = "<group>";
		};
		32F332631C117E49003C7799 /* ViewControllers */ = {
			isa = PBXGroup;
			children = (
				32FB38C51C1A99B400590AE8 /* Order */,
				32BB861C1C18196C008016A4 /* Profile */,
			);
			name = ViewControllers;
			sourceTree = "<group>";
		};
		32F332641C117E5B003C7799 /* Models */ = {
			isa = PBXGroup;
			children = (
				32BB860E1C18115F008016A4 /* Common */,
				32BB860A1C181078008016A4 /* Config */,
				32BB86071C180E9D008016A4 /* WAccount.h */,
				32BB86081C180E9D008016A4 /* WAccount.m */,
				32BB86161C18164D008016A4 /* WUser.h */,
				32BB86171C18164D008016A4 /* WUser.m */,
				32BB86191C181800008016A4 /* WAddressBook.h */,
				32BB861A1C181800008016A4 /* WAddressBook.m */,
				32430BFD1C1A6D79007AB978 /* WOrder.h */,
				32430BFE1C1A6D79007AB978 /* WOrder.m */,
				32FB38C91C1AB93600590AE8 /* WLine.h */,
				32FB38CA1C1AB93600590AE8 /* WLine.m */,
			);
			name = Models;
			sourceTree = "<group>";
		};
		32F332651C117E82003C7799 /* Vendors */ = {
			isa = PBXGroup;
			children = (
				3293153A1C19620C009AF33D /* SMS_SDK */,
				32F332661C118397003C7799 /* Network */,
			);
			name = Vendors;
			sourceTree = "<group>";
		};
		32F332661C118397003C7799 /* Network */ = {
			isa = PBXGroup;
			children = (
				32FA53221C11D0A2003741E7 /* Api */,
				32F332671C11847D003C7799 /* LinNetworkAgent.h */,
				32F332681C11847D003C7799 /* LinNetworkAgent.m */,
				32F3326A1C118525003C7799 /* LinBaseRequest.h */,
				32F3326B1C118525003C7799 /* LinBaseRequest.m */,
				32FA531D1C11C6AA003741E7 /* LinNetworkPrivate.h */,
				32FA531E1C11C6AA003741E7 /* LinNetworkPrivate.m */,
				32FA53201C11D054003741E7 /* LinNetwork.h */,
			);
			name = Network;
			sourceTree = "<group>";
		};
		32FA53221C11D0A2003741E7 /* Api */ = {
			isa = PBXGroup;
			children = (
				32FA53231C11D0C6003741E7 /* LinApiManager.h */,
				32FA53241C11D0C6003741E7 /* LinApiManager.m */,
			);
			name = Api;
			sourceTree = "<group>";
		};
		32FB38C51C1A99B400590AE8 /* Order */ = {
			isa = PBXGroup;
			children = (
				32FB38C61C1A9AA100590AE8 /* LinApiManager+Order.h */,
				32FB38C71C1A9AA100590AE8 /* LinApiManager+Order.m */,
			);
			name = Order;
			sourceTree = "<group>";
		};
		385E2B46F96C57D969CC82AD /* Frameworks */ = {
			isa = PBXGroup;
			children = (
				329315551C197A76009AF33D /* Security.framework */,
				329315491C1962BF009AF33D /* libstdc++.tbd */,
				329315471C1962B5009AF33D /* JavaScriptCore.framework */,
				329315451C1962A9009AF33D /* libz.tbd */,
				329315431C1962A0009AF33D /* libicucore.tbd */,
				80D05CAFA9B83E73D7012224 /* libPods-WoYaoFa.a */,
			);
			name = Frameworks;
			sourceTree = "<group>";
		};
		79F43A808288ADD89A731FFA /* Pods */ = {
			isa = PBXGroup;
			children = (
				C77E20BC66631F70106F6E3F /* Pods-WoYaoFa.debug.xcconfig */,
				C0F340910DBF8DF3B8ED5DBB /* Pods-WoYaoFa.release.xcconfig */,
			);
			name = Pods;
			sourceTree = "<group>";
		};
/* End PBXGroup section */

/* Begin PBXNativeTarget section */
		32B16E061C117BD400865247 /* WoYaoFa */ = {
			isa = PBXNativeTarget;
			buildConfigurationList = 32B16E371C117BD400865247 /* Build configuration list for PBXNativeTarget "WoYaoFa" */;
			buildPhases = (
				510C0987F6DE47E791383256 /* Check Pods Manifest.lock */,
				32B16E031C117BD400865247 /* Sources */,
				32B16E041C117BD400865247 /* Frameworks */,
				32B16E051C117BD400865247 /* Resources */,
				8CC9F90A444F25387BEAE4B2 /* Embed Pods Frameworks */,
				98ECD6872A052AF7C2F85127 /* Copy Pods Resources */,
			);
			buildRules = (
			);
			dependencies = (
			);
			name = WoYaoFa;
			productName = WoYaoFa;
			productReference = 32B16E071C117BD400865247 /* WoYaoFa.app */;
			productType = "com.apple.product-type.application";
		};
		32B16E221C117BD400865247 /* WoYaoFaTests */ = {
			isa = PBXNativeTarget;
			buildConfigurationList = 32B16E3A1C117BD400865247 /* Build configuration list for PBXNativeTarget "WoYaoFaTests" */;
			buildPhases = (
				32B16E1F1C117BD400865247 /* Sources */,
				32B16E201C117BD400865247 /* Frameworks */,
				32B16E211C117BD400865247 /* Resources */,
			);
			buildRules = (
			);
			dependencies = (
				32B16E251C117BD400865247 /* PBXTargetDependency */,
			);
			name = WoYaoFaTests;
			productName = WoYaoFaTests;
			productReference = 32B16E231C117BD400865247 /* WoYaoFaTests.xctest */;
			productType = "com.apple.product-type.bundle.unit-test";
		};
		32B16E2D1C117BD400865247 /* WoYaoFaUITests */ = {
			isa = PBXNativeTarget;
			buildConfigurationList = 32B16E3D1C117BD400865247 /* Build configuration list for PBXNativeTarget "WoYaoFaUITests" */;
			buildPhases = (
				32B16E2A1C117BD400865247 /* Sources */,
				32B16E2B1C117BD400865247 /* Frameworks */,
				32B16E2C1C117BD400865247 /* Resources */,
			);
			buildRules = (
			);
			dependencies = (
				32B16E301C117BD400865247 /* PBXTargetDependency */,
			);
			name = WoYaoFaUITests;
			productName = WoYaoFaUITests;
			productReference = 32B16E2E1C117BD400865247 /* WoYaoFaUITests.xctest */;
			productType = "com.apple.product-type.bundle.ui-testing";
		};
/* End PBXNativeTarget section */

/* Begin PBXProject section */
		32B16DFF1C117BD400865247 /* Project object */ = {
			isa = PBXProject;
			attributes = {
				LastUpgradeCheck = 0710;
				ORGANIZATIONNAME = Lin;
				TargetAttributes = {
					32B16E061C117BD400865247 = {
						CreatedOnToolsVersion = 7.1.1;
					};
					32B16E221C117BD400865247 = {
						CreatedOnToolsVersion = 7.1.1;
						TestTargetID = 32B16E061C117BD400865247;
					};
					32B16E2D1C117BD400865247 = {
						CreatedOnToolsVersion = 7.1.1;
						TestTargetID = 32B16E061C117BD400865247;
					};
				};
			};
			buildConfigurationList = 32B16E021C117BD400865247 /* Build configuration list for PBXProject "WoYaoFa" */;
			compatibilityVersion = "Xcode 3.2";
			developmentRegion = English;
			hasScannedForEncodings = 0;
			knownRegions = (
				en,
				Base,
				"zh-Hans",
			);
			mainGroup = 32B16DFE1C117BD400865247;
			productRefGroup = 32B16E081C117BD400865247 /* Products */;
			projectDirPath = "";
			projectRoot = "";
			targets = (
				32B16E061C117BD400865247 /* WoYaoFa */,
				32B16E221C117BD400865247 /* WoYaoFaTests */,
				32B16E2D1C117BD400865247 /* WoYaoFaUITests */,
			);
		};
/* End PBXProject section */

/* Begin PBXResourcesBuildPhase section */
		32B16E051C117BD400865247 /* Resources */ = {
			isa = PBXResourcesBuildPhase;
			buildActionMask = 2147483647;
			files = (
				32B16E1D1C117BD400865247 /* LaunchScreen.storyboard in Resources */,
				32C6B7B81C13337800A70EE1 /* my_address_book@2x.png in Resources */,
				32B16E1A1C117BD400865247 /* Assets.xcassets in Resources */,
				329315331C194E91009AF33D /* binding_phone@2x.png in Resources */,
				329315311C194E69009AF33D /* binding_validation@2x.png in Resources */,
				329315351C194EB8009AF33D /* registered_password_1@2x.png in Resources */,
				3273B8201C12800500597049 /* my_choose@3x.png in Resources */,
				32C6B7B91C13337800A70EE1 /* my_collection@2x.png in Resources */,
				32FB38C01C1A770E00590AE8 /* order_details_arrow@2x.png in Resources */,
				3273B81C1C12800500597049 /* house_choose@2x.png in Resources */,
				3273B81F1C12800500597049 /* my_choose@2x.png in Resources */,
				32BB86061C180499008016A4 /* MBProgressHUD.bundle in Resources */,
				32C6B7B11C13320F00A70EE1 /* my_phone@2x.png in Resources */,
				3273B8101C127F7800597049 /* order_not_choose@2x.png in Resources */,
				3273B8231C12800500597049 /* order_choose@3x.png in Resources */,
				32B16E181C117BD400865247 /* Main.storyboard in Resources */,
				3273B80B1C127F7800597049 /* house_not_choose@3x.png in Resources */,
				329315401C19620C009AF33D /* SMS_SDKLocalizable.strings in Resources */,
				328707C31C1568650098296E /* my_address_book_default@2x.png in Resources */,
				3273B81E1C12800500597049 /* my_choose.png in Resources */,
				3273B8111C127F7800597049 /* order_not_choose@3x.png in Resources */,
				32FB38C41C1A7E6900590AE8 /* arrive_icon@2x.png in Resources */,
				3273B81D1C12800500597049 /* house_choose@3x.png in Resources */,
				3273B80C1C127F7800597049 /* my_not_choose.png in Resources */,
				32430C021C1A7019007AB978 /* order_logistics@2x.png in Resources */,
				32C6B7B01C13320F00A70EE1 /* my_order_history@2x.png in Resources */,
				328707D51C1582F30098296E /* my_set_up@2x.png in Resources */,
				329315171C192588009AF33D /* bg.png in Resources */,
				3273B80E1C127F7800597049 /* my_not_choose@3x.png in Resources */,
				3273B8211C12800500597049 /* order_choose.png in Resources */,
				329315261C193F58009AF33D /* registered_password@2x.png in Resources */,
				3273B8091C127F7800597049 /* house_not_choose.png in Resources */,
				3273B80A1C127F7800597049 /* house_not_choose@2x.png in Resources */,
				3273B8221C12800500597049 /* order_choose@2x.png in Resources */,
				329315241C193F15009AF33D /* registered_phone@2x.png in Resources */,
				3273B80D1C127F7800597049 /* my_not_choose@2x.png in Resources */,
				3273B80F1C127F7800597049 /* order_not_choose.png in Resources */,
				3273B81B1C12800500597049 /* house_choose.png in Resources */,
				32C6B7AF1C13320F00A70EE1 /* my_opinion@2x.png in Resources */,
			);
			runOnlyForDeploymentPostprocessing = 0;
		};
		32B16E211C117BD400865247 /* Resources */ = {
			isa = PBXResourcesBuildPhase;
			buildActionMask = 2147483647;
			files = (
			);
			runOnlyForDeploymentPostprocessing = 0;
		};
		32B16E2C1C117BD400865247 /* Resources */ = {
			isa = PBXResourcesBuildPhase;
			buildActionMask = 2147483647;
			files = (
			);
			runOnlyForDeploymentPostprocessing = 0;
		};
/* End PBXResourcesBuildPhase section */

/* Begin PBXShellScriptBuildPhase section */
		510C0987F6DE47E791383256 /* Check Pods Manifest.lock */ = {
			isa = PBXShellScriptBuildPhase;
			buildActionMask = 2147483647;
			files = (
			);
			inputPaths = (
			);
			name = "Check Pods Manifest.lock";
			outputPaths = (
			);
			runOnlyForDeploymentPostprocessing = 0;
			shellPath = /bin/sh;
			shellScript = "diff \"${PODS_ROOT}/../Podfile.lock\" \"${PODS_ROOT}/Manifest.lock\" > /dev/null\nif [[ $? != 0 ]] ; then\n    cat << EOM\nerror: The sandbox is not in sync with the Podfile.lock. Run 'pod install' or update your CocoaPods installation.\nEOM\n    exit 1\nfi\n";
			showEnvVarsInLog = 0;
		};
		8CC9F90A444F25387BEAE4B2 /* Embed Pods Frameworks */ = {
			isa = PBXShellScriptBuildPhase;
			buildActionMask = 2147483647;
			files = (
			);
			inputPaths = (
			);
			name = "Embed Pods Frameworks";
			outputPaths = (
			);
			runOnlyForDeploymentPostprocessing = 0;
			shellPath = /bin/sh;
			shellScript = "\"${SRCROOT}/Pods/Target Support Files/Pods-WoYaoFa/Pods-WoYaoFa-frameworks.sh\"\n";
			showEnvVarsInLog = 0;
		};
		98ECD6872A052AF7C2F85127 /* Copy Pods Resources */ = {
			isa = PBXShellScriptBuildPhase;
			buildActionMask = 2147483647;
			files = (
			);
			inputPaths = (
			);
			name = "Copy Pods Resources";
			outputPaths = (
			);
			runOnlyForDeploymentPostprocessing = 0;
			shellPath = /bin/sh;
			shellScript = "\"${SRCROOT}/Pods/Target Support Files/Pods-WoYaoFa/Pods-WoYaoFa-resources.sh\"\n";
			showEnvVarsInLog = 0;
		};
/* End PBXShellScriptBuildPhase section */

/* Begin PBXSourcesBuildPhase section */
		32B16E031C117BD400865247 /* Sources */ = {
			isa = PBXSourcesBuildPhase;
			buildActionMask = 2147483647;
			files = (
				32BB86091C180E9D008016A4 /* WAccount.m in Sources */,
				32FB38C81C1A9AA100590AE8 /* LinApiManager+Order.m in Sources */,
				32BB86041C18029D008016A4 /* MBProgressHUD+LHUD.m in Sources */,
				32FB38CB1C1AB93600590AE8 /* WLine.m in Sources */,
				328707AE1C1525510098296E /* WAddressBookView.m in Sources */,
				32FA531F1C11C6AA003741E7 /* LinNetworkPrivate.m in Sources */,
				32F3326C1C118525003C7799 /* LinBaseRequest.m in Sources */,
				32BB86201C181996008016A4 /* LinApiManager+AddressBook.m in Sources */,
				3293151A1C1927B5009AF33D /* WLoginNavigation.m in Sources */,
				3273B7F51C1271D900597049 /* WProfileViewController.m in Sources */,
				3273B7ED1C12718000597049 /* WHomeViewController.m in Sources */,
				32F332691C11847D003C7799 /* LinNetworkAgent.m in Sources */,
				32F332611C117E2F003C7799 /* ViewController.m in Sources */,
				32430BF81C1A6C42007AB978 /* WOrdersViewController.m in Sources */,
				328707D91C1584F20098296E /* UIViewExt.m in Sources */,
				32BB860D1C181093008016A4 /* MJExtnsionConfig.m in Sources */,
				32430BFC1C1A6D5D007AB978 /* WOrderView.m in Sources */,
				329315541C197A4B009AF33D /* KeychainItemWrapper.m in Sources */,
				3273B7E81C12714300597049 /* WHomeNavigation.m in Sources */,
				3293154E1C196573009AF33D /* LinApiManager+LoginAndRegister.m in Sources */,
				32BB86181C18164D008016A4 /* WUser.m in Sources */,
				329315291C19447E009AF33D /* WRegisterViewController.m in Sources */,
				32FA53251C11D0C6003741E7 /* LinApiManager.m in Sources */,
				3273B7FA1C12721200597049 /* WOrderNavigation.m in Sources */,
				328707B31C1526E00098296E /* UILabel+LLabel.m in Sources */,
				3273B7FD1C12722E00597049 /* WProfileNavigation.m in Sources */,
				329315391C19547C009AF33D /* LCountDownButton.m in Sources */,
				328707CB1C156B900098296E /* WSettingView.m in Sources */,
				3293151D1C1930F6009AF33D /* WLoginViewController.m in Sources */,
				32430BFF1C1A6D79007AB978 /* WOrder.m in Sources */,
				32BB86151C181367008016A4 /* LPageResult.m in Sources */,
				328707B71C1529F00098296E /* LLabel.m in Sources */,
				32B16E0F1C117BD400865247 /* AppDelegate.m in Sources */,
				328707C71C15696E0098296E /* WSettingViewController.m in Sources */,
				32BB86111C1812AC008016A4 /* LDataResult.m in Sources */,
				32B16E0C1C117BD400865247 /* main.m in Sources */,
				32BB861B1C181800008016A4 /* WAddressBook.m in Sources */,
				32C7AE071C13F12400B547D4 /* WProfileHeaderView.m in Sources */,
				328707A81C1524800098296E /* WAddressBookViewController.m in Sources */,
			);
			runOnlyForDeploymentPostprocessing = 0;
		};
		32B16E1F1C117BD400865247 /* Sources */ = {
			isa = PBXSourcesBuildPhase;
			buildActionMask = 2147483647;
			files = (
				32B16E281C117BD400865247 /* WoYaoFaTests.m in Sources */,
			);
			runOnlyForDeploymentPostprocessing = 0;
		};
		32B16E2A1C117BD400865247 /* Sources */ = {
			isa = PBXSourcesBuildPhase;
			buildActionMask = 2147483647;
			files = (
				32B16E331C117BD400865247 /* WoYaoFaUITests.m in Sources */,
			);
			runOnlyForDeploymentPostprocessing = 0;
		};
/* End PBXSourcesBuildPhase section */

/* Begin PBXTargetDependency section */
		32B16E251C117BD400865247 /* PBXTargetDependency */ = {
			isa = PBXTargetDependency;
			target = 32B16E061C117BD400865247 /* WoYaoFa */;
			targetProxy = 32B16E241C117BD400865247 /* PBXContainerItemProxy */;
		};
		32B16E301C117BD400865247 /* PBXTargetDependency */ = {
			isa = PBXTargetDependency;
			target = 32B16E061C117BD400865247 /* WoYaoFa */;
			targetProxy = 32B16E2F1C117BD400865247 /* PBXContainerItemProxy */;
		};
/* End PBXTargetDependency section */

/* Begin PBXVariantGroup section */
		3293153B1C19620C009AF33D /* SMS_SDKLocalizable.strings */ = {
			isa = PBXVariantGroup;
			children = (
				3293153C1C19620C009AF33D /* en */,
				3293153F1C19620C009AF33D /* zh-Hans */,
			);
			name = SMS_SDKLocalizable.strings;
			sourceTree = "<group>";
		};
		32B16E161C117BD400865247 /* Main.storyboard */ = {
			isa = PBXVariantGroup;
			children = (
				32B16E171C117BD400865247 /* Base */,
			);
			name = Main.storyboard;
			sourceTree = "<group>";
		};
		32B16E1B1C117BD400865247 /* LaunchScreen.storyboard */ = {
			isa = PBXVariantGroup;
			children = (
				32B16E1C1C117BD400865247 /* Base */,
			);
			name = LaunchScreen.storyboard;
			sourceTree = "<group>";
		};
/* End PBXVariantGroup section */

/* Begin XCBuildConfiguration section */
		32B16E351C117BD400865247 /* Debug */ = {
			isa = XCBuildConfiguration;
			buildSettings = {
				ALWAYS_SEARCH_USER_PATHS = NO;
				CLANG_CXX_LANGUAGE_STANDARD = "gnu++0x";
				CLANG_CXX_LIBRARY = "libc++";
				CLANG_ENABLE_MODULES = YES;
				CLANG_ENABLE_OBJC_ARC = YES;
				CLANG_WARN_BOOL_CONVERSION = YES;
				CLANG_WARN_CONSTANT_CONVERSION = YES;
				CLANG_WARN_DIRECT_OBJC_ISA_USAGE = YES_ERROR;
				CLANG_WARN_EMPTY_BODY = YES;
				CLANG_WARN_ENUM_CONVERSION = YES;
				CLANG_WARN_INT_CONVERSION = YES;
				CLANG_WARN_OBJC_ROOT_CLASS = YES_ERROR;
				CLANG_WARN_UNREACHABLE_CODE = YES;
				CLANG_WARN__DUPLICATE_METHOD_MATCH = YES;
				"CODE_SIGN_IDENTITY[sdk=iphoneos*]" = "iPhone Developer";
				COPY_PHASE_STRIP = NO;
				DEBUG_INFORMATION_FORMAT = dwarf;
				ENABLE_STRICT_OBJC_MSGSEND = YES;
				ENABLE_TESTABILITY = YES;
				GCC_C_LANGUAGE_STANDARD = gnu99;
				GCC_DYNAMIC_NO_PIC = NO;
				GCC_NO_COMMON_BLOCKS = YES;
				GCC_OPTIMIZATION_LEVEL = 0;
				GCC_PREPROCESSOR_DEFINITIONS = (
					"DEBUG=1",
					"$(inherited)",
				);
				GCC_WARN_64_TO_32_BIT_CONVERSION = YES;
				GCC_WARN_ABOUT_RETURN_TYPE = YES_ERROR;
				GCC_WARN_UNDECLARED_SELECTOR = YES;
				GCC_WARN_UNINITIALIZED_AUTOS = YES_AGGRESSIVE;
				GCC_WARN_UNUSED_FUNCTION = YES;
				GCC_WARN_UNUSED_VARIABLE = YES;
				IPHONEOS_DEPLOYMENT_TARGET = 9.1;
				MTL_ENABLE_DEBUG_INFO = YES;
				ONLY_ACTIVE_ARCH = YES;
				SDKROOT = iphoneos;
			};
			name = Debug;
		};
		32B16E361C117BD400865247 /* Release */ = {
			isa = XCBuildConfiguration;
			buildSettings = {
				ALWAYS_SEARCH_USER_PATHS = NO;
				CLANG_CXX_LANGUAGE_STANDARD = "gnu++0x";
				CLANG_CXX_LIBRARY = "libc++";
				CLANG_ENABLE_MODULES = YES;
				CLANG_ENABLE_OBJC_ARC = YES;
				CLANG_WARN_BOOL_CONVERSION = YES;
				CLANG_WARN_CONSTANT_CONVERSION = YES;
				CLANG_WARN_DIRECT_OBJC_ISA_USAGE = YES_ERROR;
				CLANG_WARN_EMPTY_BODY = YES;
				CLANG_WARN_ENUM_CONVERSION = YES;
				CLANG_WARN_INT_CONVERSION = YES;
				CLANG_WARN_OBJC_ROOT_CLASS = YES_ERROR;
				CLANG_WARN_UNREACHABLE_CODE = YES;
				CLANG_WARN__DUPLICATE_METHOD_MATCH = YES;
				"CODE_SIGN_IDENTITY[sdk=iphoneos*]" = "iPhone Developer";
				COPY_PHASE_STRIP = NO;
				DEBUG_INFORMATION_FORMAT = "dwarf-with-dsym";
				ENABLE_NS_ASSERTIONS = NO;
				ENABLE_STRICT_OBJC_MSGSEND = YES;
				GCC_C_LANGUAGE_STANDARD = gnu99;
				GCC_NO_COMMON_BLOCKS = YES;
				GCC_WARN_64_TO_32_BIT_CONVERSION = YES;
				GCC_WARN_ABOUT_RETURN_TYPE = YES_ERROR;
				GCC_WARN_UNDECLARED_SELECTOR = YES;
				GCC_WARN_UNINITIALIZED_AUTOS = YES_AGGRESSIVE;
				GCC_WARN_UNUSED_FUNCTION = YES;
				GCC_WARN_UNUSED_VARIABLE = YES;
				IPHONEOS_DEPLOYMENT_TARGET = 9.1;
				MTL_ENABLE_DEBUG_INFO = NO;
				SDKROOT = iphoneos;
				VALIDATE_PRODUCT = YES;
			};
			name = Release;
		};
		32B16E381C117BD400865247 /* Debug */ = {
			isa = XCBuildConfiguration;
			baseConfigurationReference = C77E20BC66631F70106F6E3F /* Pods-WoYaoFa.debug.xcconfig */;
			buildSettings = {
				ASSETCATALOG_COMPILER_APPICON_NAME = AppIcon;
				FRAMEWORK_SEARCH_PATHS = (
					"$(inherited)",
					"$(PROJECT_DIR)/WoYaoFa/SMS_SDK",
				);
				GCC_PREFIX_HEADER = "$(SRCROOT)/WoYaoFa/woyaofa-prefix.pch";
				INFOPLIST_FILE = WoYaoFa/Info.plist;
				IPHONEOS_DEPLOYMENT_TARGET = 7.0;
				LD_RUNPATH_SEARCH_PATHS = "$(inherited) @executable_path/Frameworks";
				PRODUCT_BUNDLE_IDENTIFIER = com.ihucong.WoYaoFa;
				PRODUCT_NAME = "$(TARGET_NAME)";
			};
			name = Debug;
		};
		32B16E391C117BD400865247 /* Release */ = {
			isa = XCBuildConfiguration;
			baseConfigurationReference = C0F340910DBF8DF3B8ED5DBB /* Pods-WoYaoFa.release.xcconfig */;
			buildSettings = {
				ASSETCATALOG_COMPILER_APPICON_NAME = AppIcon;
				FRAMEWORK_SEARCH_PATHS = (
					"$(inherited)",
					"$(PROJECT_DIR)/WoYaoFa/SMS_SDK",
				);
				GCC_PREFIX_HEADER = "$(SRCROOT)/WoYaoFa/woyaofa-prefix.pch";
				INFOPLIST_FILE = WoYaoFa/Info.plist;
				IPHONEOS_DEPLOYMENT_TARGET = 7.0;
				LD_RUNPATH_SEARCH_PATHS = "$(inherited) @executable_path/Frameworks";
				PRODUCT_BUNDLE_IDENTIFIER = com.ihucong.WoYaoFa;
				PRODUCT_NAME = "$(TARGET_NAME)";
			};
			name = Release;
		};
		32B16E3B1C117BD400865247 /* Debug */ = {
			isa = XCBuildConfiguration;
			buildSettings = {
				BUNDLE_LOADER = "$(TEST_HOST)";
				INFOPLIST_FILE = WoYaoFaTests/Info.plist;
				LD_RUNPATH_SEARCH_PATHS = "$(inherited) @executable_path/Frameworks @loader_path/Frameworks";
				PRODUCT_BUNDLE_IDENTIFIER = com.ihucong.WoYaoFaTests;
				PRODUCT_NAME = "$(TARGET_NAME)";
				TEST_HOST = "$(BUILT_PRODUCTS_DIR)/WoYaoFa.app/WoYaoFa";
			};
			name = Debug;
		};
		32B16E3C1C117BD400865247 /* Release */ = {
			isa = XCBuildConfiguration;
			buildSettings = {
				BUNDLE_LOADER = "$(TEST_HOST)";
				INFOPLIST_FILE = WoYaoFaTests/Info.plist;
				LD_RUNPATH_SEARCH_PATHS = "$(inherited) @executable_path/Frameworks @loader_path/Frameworks";
				PRODUCT_BUNDLE_IDENTIFIER = com.ihucong.WoYaoFaTests;
				PRODUCT_NAME = "$(TARGET_NAME)";
				TEST_HOST = "$(BUILT_PRODUCTS_DIR)/WoYaoFa.app/WoYaoFa";
			};
			name = Release;
		};
		32B16E3E1C117BD400865247 /* Debug */ = {
			isa = XCBuildConfiguration;
			buildSettings = {
				INFOPLIST_FILE = WoYaoFaUITests/Info.plist;
				LD_RUNPATH_SEARCH_PATHS = "$(inherited) @executable_path/Frameworks @loader_path/Frameworks";
				PRODUCT_BUNDLE_IDENTIFIER = com.ihucong.WoYaoFaUITests;
				PRODUCT_NAME = "$(TARGET_NAME)";
				TEST_TARGET_NAME = WoYaoFa;
				USES_XCTRUNNER = YES;
			};
			name = Debug;
		};
		32B16E3F1C117BD400865247 /* Release */ = {
			isa = XCBuildConfiguration;
			buildSettings = {
				INFOPLIST_FILE = WoYaoFaUITests/Info.plist;
				LD_RUNPATH_SEARCH_PATHS = "$(inherited) @executable_path/Frameworks @loader_path/Frameworks";
				PRODUCT_BUNDLE_IDENTIFIER = com.ihucong.WoYaoFaUITests;
				PRODUCT_NAME = "$(TARGET_NAME)";
				TEST_TARGET_NAME = WoYaoFa;
				USES_XCTRUNNER = YES;
			};
			name = Release;
		};
/* End XCBuildConfiguration section */

/* Begin XCConfigurationList section */
		32B16E021C117BD400865247 /* Build configuration list for PBXProject "WoYaoFa" */ = {
			isa = XCConfigurationList;
			buildConfigurations = (
				32B16E351C117BD400865247 /* Debug */,
				32B16E361C117BD400865247 /* Release */,
			);
			defaultConfigurationIsVisible = 0;
			defaultConfigurationName = Release;
		};
		32B16E371C117BD400865247 /* Build configuration list for PBXNativeTarget "WoYaoFa" */ = {
			isa = XCConfigurationList;
			buildConfigurations = (
				32B16E381C117BD400865247 /* Debug */,
				32B16E391C117BD400865247 /* Release */,
			);
			defaultConfigurationIsVisible = 0;
			defaultConfigurationName = Release;
		};
		32B16E3A1C117BD400865247 /* Build configuration list for PBXNativeTarget "WoYaoFaTests" */ = {
			isa = XCConfigurationList;
			buildConfigurations = (
				32B16E3B1C117BD400865247 /* Debug */,
				32B16E3C1C117BD400865247 /* Release */,
			);
			defaultConfigurationIsVisible = 0;
			defaultConfigurationName = Release;
		};
		32B16E3D1C117BD400865247 /* Build configuration list for PBXNativeTarget "WoYaoFaUITests" */ = {
			isa = XCConfigurationList;
			buildConfigurations = (
				32B16E3E1C117BD400865247 /* Debug */,
				32B16E3F1C117BD400865247 /* Release */,
			);
			defaultConfigurationIsVisible = 0;
			defaultConfigurationName = Release;
		};
/* End XCConfigurationList section */
	};
	rootObject = 32B16DFF1C117BD400865247 /* Project object */;
}
